
Microsoft Visual Studio Solution File, Format Version 12.00
# Visual Studio Version 17
VisualStudioVersion = 17.9.34714.143
MinimumVisualStudioVersion = 10.0.40219.1
Project("{FAE04EC0-301F-11D3-BF4B-00C04F79EFBC}") = "SchoolProSite.DAL", "SchoolProSite.DAL\SchoolProSite.DAL.csproj", "{C5BEB8BE-ADA6-4F3F-B858-A4D266174BB5}"
EndProject
Project("{FAE04EC0-301F-11D3-BF4B-00C04F79EFBC}") = "SchoolProSite.WEB", "SchoolProSite.WEB\SchoolProSite.WEB.csproj", "{D55C603E-9056-44CD-AB37-2CC690D18DAA}"
EndProject
Global
	GlobalSection(SolutionConfigurationPlatforms) = preSolution
		Debug|Any CPU = Debug|Any CPU
		Release|Any CPU = Release|Any CPU
	EndGlobalSection
	GlobalSection(ProjectConfigurationPlatforms) = postSolution
		{C5BEB8BE-ADA6-4F3F-B858-A4D266174BB5}.Debug|Any CPU.ActiveCfg = Debug|Any CPU
		{C5BEB8BE-ADA6-4F3F-B858-A4D266174BB5}.Debug|Any CPU.Build.0 = Debug|Any CPU
		{C5BEB8BE-ADA6-4F3F-B858-A4D266174BB5}.Release|Any CPU.ActiveCfg = Release|Any CPU
		{C5BEB8BE-ADA6-4F3F-B858-A4D266174BB5}.Release|Any CPU.Build.0 = Release|Any CPU
		{D55C603E-9056-44CD-AB37-2CC690D18DAA}.Debug|Any CPU.ActiveCfg = Debug|Any CPU
		{D55C603E-9056-44CD-AB37-2CC690D18DAA}.Debug|Any CPU.Build.0 = Debug|Any CPU
		{D55C603E-9056-44CD-AB37-2CC690D18DAA}.Release|Any CPU.ActiveCfg = Release|Any CPU
		{D55C603E-9056-44CD-AB37-2CC690D18DAA}.Release|Any CPU.Build.0 = Release|Any CPU
	EndGlobalSection
	GlobalSection(SolutionProperties) = preSolution
		HideSolutionNode = FALSE
	EndGlobalSection
	GlobalSection(ExtensibilityGlobals) = postSolution
		SolutionGuid = {C1B8C80E-843B-4E84-8318-36B9FF733561}
	EndGlobalSection
EndGlobal
